
Microsoft Visual Studio Solution File, Format Version 12.00
# Visual Studio 15
VisualStudioVersion = 15.0.28307.902
MinimumVisualStudioVersion = 10.0.40219.1
Project("{888888A0-9F3D-457C-B088-3A5042F75D52}") = "Chatbot-Demo", "Chatbot-Demo.pyproj", "{F32B3D01-5FF8-4599-B818-23912B29F054}"
EndProject
Global
	GlobalSection(SolutionConfigurationPlatforms) = preSolution
		Debug|Any CPU = Debug|Any CPU
		Release|Any CPU = Release|Any CPU
	EndGlobalSection
	GlobalSection(ProjectConfigurationPlatforms) = postSolution
		{F32B3D01-5FF8-4599-B818-23912B29F054}.Debug|Any CPU.ActiveCfg = Debug|Any CPU
		{F32B3D01-5FF8-4599-B818-23912B29F054}.Release|Any CPU.ActiveCfg = Release|Any CPU
	EndGlobalSection
	GlobalSection(SolutionProperties) = preSolution
		HideSolutionNode = FALSE
	EndGlobalSection
	GlobalSection(ExtensibilityGlobals) = postSolution
		SolutionGuid = {3ECD8B18-A4D1-4963-BCCF-F95060B562B4}
	EndGlobalSection
EndGlobal
